
Microsoft Visual Studio Solution File, Format Version 12.00
# Visual Studio Version 16
VisualStudioVersion = 16.0.31613.86
MinimumVisualStudioVersion = 10.0.40219.1
Project("{9A19103F-16F7-4668-BE54-9A1E7A4F7556}") = "PokeApi.API", "src\PokeApi.API\PokeApi.API.csproj", "{2F17E9A0-CABA-4B06-83CE-5F3A36648BB2}"
EndProject
Project("{9A19103F-16F7-4668-BE54-9A1E7A4F7556}") = "PokeAPI.Domain", "src\PokeAPI.Domain\PokeAPI.Domain.csproj", "{A14253A8-82EF-45EB-A6B3-E09FAB71F865}"
EndProject
Project("{9A19103F-16F7-4668-BE54-9A1E7A4F7556}") = "PokeApi.Persistence", "src\PokeApi.Persistence\PokeApi.Persistence.csproj", "{4A3DA469-A01D-4DB1-A34C-A087E2B52F7D}"
EndProject
Global
	GlobalSection(SolutionConfigurationPlatforms) = preSolution
		Debug|Any CPU = Debug|Any CPU
		Release|Any CPU = Release|Any CPU
	EndGlobalSection
	GlobalSection(ProjectConfigurationPlatforms) = postSolution
		{2F17E9A0-CABA-4B06-83CE-5F3A36648BB2}.Debug|Any CPU.ActiveCfg = Debug|Any CPU
		{2F17E9A0-CABA-4B06-83CE-5F3A36648BB2}.Debug|Any CPU.Build.0 = Debug|Any CPU
		{2F17E9A0-CABA-4B06-83CE-5F3A36648BB2}.Release|Any CPU.ActiveCfg = Release|Any CPU
		{2F17E9A0-CABA-4B06-83CE-5F3A36648BB2}.Release|Any CPU.Build.0 = Release|Any CPU
		{A14253A8-82EF-45EB-A6B3-E09FAB71F865}.Debug|Any CPU.ActiveCfg = Debug|Any CPU
		{A14253A8-82EF-45EB-A6B3-E09FAB71F865}.Debug|Any CPU.Build.0 = Debug|Any CPU
		{A14253A8-82EF-45EB-A6B3-E09FAB71F865}.Release|Any CPU.ActiveCfg = Release|Any CPU
		{A14253A8-82EF-45EB-A6B3-E09FAB71F865}.Release|Any CPU.Build.0 = Release|Any CPU
		{4A3DA469-A01D-4DB1-A34C-A087E2B52F7D}.Debug|Any CPU.ActiveCfg = Debug|Any CPU
		{4A3DA469-A01D-4DB1-A34C-A087E2B52F7D}.Debug|Any CPU.Build.0 = Debug|Any CPU
		{4A3DA469-A01D-4DB1-A34C-A087E2B52F7D}.Release|Any CPU.ActiveCfg = Release|Any CPU
		{4A3DA469-A01D-4DB1-A34C-A087E2B52F7D}.Release|Any CPU.Build.0 = Release|Any CPU
	EndGlobalSection
	GlobalSection(SolutionProperties) = preSolution
		HideSolutionNode = FALSE
	EndGlobalSection
	GlobalSection(ExtensibilityGlobals) = postSolution
		SolutionGuid = {FA52A100-9205-4706-891E-4F0E07F75398}
	EndGlobalSection
EndGlobal
